{
  "name": "@yoke-project/reference-web-client",
  "version": "0.0.0",
  "lockfileVersion": 3,
  "requires": true,
  "packages": {
    "": {
      "name": "@yoke-project/reference-web-client",
      "version": "0.0.0",
      "license": "Apache-2.0",
      "engines": {
        "node": ">=24"
      }
    }
  }
}
